
Microsoft Visual Studio Solution File, Format Version 12.00
# Visual Studio Version 17
VisualStudioVersion = 17.0.31903.59
MinimumVisualStudioVersion = 10.0.40219.1
Project("{9A19103F-16F7-4668-BE54-9A1E7A4F7556}") = "AzureDevOpsRESTPlayground", "AzureDevOpsRESTPlayground\AzureDevOpsRESTPlayground.csproj", "{A34FD347-810F-4DA7-BD42-13FAFAD91594}"
EndProject
Project("{9A19103F-16F7-4668-BE54-9A1E7A4F7556}") = "Rx.AzDo.Objects", "Rx.AzDo.Objects\Rx.AzDo.Objects.csproj", "{A0FD7B07-8688-4706-9D63-2AEB2F662881}"
EndProject
Global
	GlobalSection(SolutionConfigurationPlatforms) = preSolution
		Debug|Any CPU = Debug|Any CPU
		Debug|x64 = Debug|x64
		Debug|x86 = Debug|x86
		Release|Any CPU = Release|Any CPU
		Release|x64 = Release|x64
		Release|x86 = Release|x86
	EndGlobalSection
	GlobalSection(ProjectConfigurationPlatforms) = postSolution
		{A34FD347-810F-4DA7-BD42-13FAFAD91594}.Debug|Any CPU.ActiveCfg = Debug|Any CPU
		{A34FD347-810F-4DA7-BD42-13FAFAD91594}.Debug|Any CPU.Build.0 = Debug|Any CPU
		{A34FD347-810F-4DA7-BD42-13FAFAD91594}.Debug|x64.ActiveCfg = Debug|Any CPU
		{A34FD347-810F-4DA7-BD42-13FAFAD91594}.Debug|x64.Build.0 = Debug|Any CPU
		{A34FD347-810F-4DA7-BD42-13FAFAD91594}.Debug|x86.ActiveCfg = Debug|Any CPU
		{A34FD347-810F-4DA7-BD42-13FAFAD91594}.Debug|x86.Build.0 = Debug|Any CPU
		{A34FD347-810F-4DA7-BD42-13FAFAD91594}.Release|Any CPU.ActiveCfg = Release|Any CPU
		{A34FD347-810F-4DA7-BD42-13FAFAD91594}.Release|Any CPU.Build.0 = Release|Any CPU
		{A34FD347-810F-4DA7-BD42-13FAFAD91594}.Release|x64.ActiveCfg = Release|Any CPU
		{A34FD347-810F-4DA7-BD42-13FAFAD91594}.Release|x64.Build.0 = Release|Any CPU
		{A34FD347-810F-4DA7-BD42-13FAFAD91594}.Release|x86.ActiveCfg = Release|Any CPU
		{A34FD347-810F-4DA7-BD42-13FAFAD91594}.Release|x86.Build.0 = Release|Any CPU
		{A0FD7B07-8688-4706-9D63-2AEB2F662881}.Debug|Any CPU.ActiveCfg = Debug|Any CPU
		{A0FD7B07-8688-4706-9D63-2AEB2F662881}.Debug|Any CPU.Build.0 = Debug|Any CPU
		{A0FD7B07-8688-4706-9D63-2AEB2F662881}.Debug|x64.ActiveCfg = Debug|Any CPU
		{A0FD7B07-8688-4706-9D63-2AEB2F662881}.Debug|x64.Build.0 = Debug|Any CPU
		{A0FD7B07-8688-4706-9D63-2AEB2F662881}.Debug|x86.ActiveCfg = Debug|Any CPU
		{A0FD7B07-8688-4706-9D63-2AEB2F662881}.Debug|x86.Build.0 = Debug|Any CPU
		{A0FD7B07-8688-4706-9D63-2AEB2F662881}.Release|Any CPU.ActiveCfg = Release|Any CPU
		{A0FD7B07-8688-4706-9D63-2AEB2F662881}.Release|Any CPU.Build.0 = Release|Any CPU
		{A0FD7B07-8688-4706-9D63-2AEB2F662881}.Release|x64.ActiveCfg = Release|Any CPU
		{A0FD7B07-8688-4706-9D63-2AEB2F662881}.Release|x64.Build.0 = Release|Any CPU
		{A0FD7B07-8688-4706-9D63-2AEB2F662881}.Release|x86.ActiveCfg = Release|Any CPU
		{A0FD7B07-8688-4706-9D63-2AEB2F662881}.Release|x86.Build.0 = Release|Any CPU
	EndGlobalSection
	GlobalSection(SolutionProperties) = preSolution
		HideSolutionNode = FALSE
	EndGlobalSection
	GlobalSection(ExtensibilityGlobals) = postSolution
		SolutionGuid = {3311DE78-1117-482E-B070-203995B561C6}
	EndGlobalSection
EndGlobal
